
Microsoft Visual Studio Solution File, Format Version 12.00
# Visual Studio Version 17
VisualStudioVersion = 17.0.32014.148
MinimumVisualStudioVersion = 10.0.40219.1
Project("{FAE04EC0-301F-11D3-BF4B-00C04F79EFBC}") = "EasyBill.Data", "EasyBill.Data\EasyBill.Data.csproj", "{BB3B23A4-87CC-4251-A766-DB447E206717}"
EndProject
Project("{FAE04EC0-301F-11D3-BF4B-00C04F79EFBC}") = "EasyBill.Buisness", "EasyBill.Buisness\EasyBill.Buisness.csproj", "{A9ADBEF1-3ADF-4AC0-BB4E-7E9C35F33C62}"
EndProject
Project("{FAE04EC0-301F-11D3-BF4B-00C04F79EFBC}") = "EasyBill.Web", "EasyBill.Web\EasyBill.Web.csproj", "{147B0095-537E-4826-8BE8-6B898EA008D8}"
EndProject
Global
	GlobalSection(SolutionConfigurationPlatforms) = preSolution
		Debug|Any CPU = Debug|Any CPU
		Release|Any CPU = Release|Any CPU
	EndGlobalSection
	GlobalSection(ProjectConfigurationPlatforms) = postSolution
		{BB3B23A4-87CC-4251-A766-DB447E206717}.Debug|Any CPU.ActiveCfg = Debug|Any CPU
		{BB3B23A4-87CC-4251-A766-DB447E206717}.Debug|Any CPU.Build.0 = Debug|Any CPU
		{BB3B23A4-87CC-4251-A766-DB447E206717}.Release|Any CPU.ActiveCfg = Release|Any CPU
		{BB3B23A4-87CC-4251-A766-DB447E206717}.Release|Any CPU.Build.0 = Release|Any CPU
		{A9ADBEF1-3ADF-4AC0-BB4E-7E9C35F33C62}.Debug|Any CPU.ActiveCfg = Debug|Any CPU
		{A9ADBEF1-3ADF-4AC0-BB4E-7E9C35F33C62}.Debug|Any CPU.Build.0 = Debug|Any CPU
		{A9ADBEF1-3ADF-4AC0-BB4E-7E9C35F33C62}.Release|Any CPU.ActiveCfg = Release|Any CPU
		{A9ADBEF1-3ADF-4AC0-BB4E-7E9C35F33C62}.Release|Any CPU.Build.0 = Release|Any CPU
		{147B0095-537E-4826-8BE8-6B898EA008D8}.Debug|Any CPU.ActiveCfg = Debug|Any CPU
		{147B0095-537E-4826-8BE8-6B898EA008D8}.Debug|Any CPU.Build.0 = Debug|Any CPU
		{147B0095-537E-4826-8BE8-6B898EA008D8}.Release|Any CPU.ActiveCfg = Release|Any CPU
		{147B0095-537E-4826-8BE8-6B898EA008D8}.Release|Any CPU.Build.0 = Release|Any CPU
	EndGlobalSection
	GlobalSection(SolutionProperties) = preSolution
		HideSolutionNode = FALSE
	EndGlobalSection
	GlobalSection(ExtensibilityGlobals) = postSolution
		SolutionGuid = {8CEE5794-69C2-471F-ADCB-82246ADC12C7}
	EndGlobalSection
EndGlobal
